
Microsoft Visual Studio Solution File, Format Version 12.00
# Visual Studio Version 17
VisualStudioVersion = 17.10.35122.118
MinimumVisualStudioVersion = 10.0.40219.1
Project("{2150E333-8FDC-42A3-9474-1A3956D46DE8}") = "Data", "Data", "{DC25F8BB-D3C0-48D3-AC51-634707C60117}"
EndProject
Project("{2150E333-8FDC-42A3-9474-1A3956D46DE8}") = "Services", "Services", "{48030DB2-2032-4D08-A628-4A2ECDCEAAD5}"
EndProject
Project("{2150E333-8FDC-42A3-9474-1A3956D46DE8}") = "Systems", "Systems", "{F3A58766-8824-4AAD-92B7-6CE40569C108}"
EndProject
Project("{2150E333-8FDC-42A3-9474-1A3956D46DE8}") = "Shared", "Shared", "{1A7CEEF2-0748-4B44-910F-C33E57780AA1}"
EndProject
Project("{2150E333-8FDC-42A3-9474-1A3956D46DE8}") = "Tests", "Tests", "{3F09AFC2-13D4-43EE-AB39-6142E0B76268}"
EndProject
Project("{2150E333-8FDC-42A3-9474-1A3956D46DE8}") = "Api", "Api", "{0C4F45AE-A6FB-4A20-B4B6-C917CD24B49E}"
EndProject
Project("{2150E333-8FDC-42A3-9474-1A3956D46DE8}") = "Worker", "Worker", "{33B7EF1A-53DA-4E27-ADBD-5ED436C5DE50}"
EndProject
Project("{2150E333-8FDC-42A3-9474-1A3956D46DE8}") = "Web", "Web", "{A9A58036-FF8C-4392-8F87-0E46AEE2384C}"
	ProjectSection(SolutionItems) = preProject
		Systems\Web\package-lock.json = Systems\Web\package-lock.json
		Systems\Web\package.json = Systems\Web\package.json
	EndProjectSection
EndProject
Project("{9A19103F-16F7-4668-BE54-9A1E7A4F7556}") = "CakeStore.Api", "Systems\Api\CakeStore.Api\CakeStore.Api.csproj", "{DB271B0E-E556-4831-8711-00501FF3E47E}"
EndProject
Project("{9A19103F-16F7-4668-BE54-9A1E7A4F7556}") = "CakeStore.Common", "Shared\CakeStore.Common\CakeStore.Common.csproj", "{9853DA7B-E7FD-4668-8BDB-6DF50F12F172}"
EndProject
Project("{9A19103F-16F7-4668-BE54-9A1E7A4F7556}") = "CakeStore.Services.Settings", "Services\CakeStore.Services.Settings\CakeStore.Services.Settings.csproj", "{2553612B-4206-423D-A2D8-85817C033AD9}"
EndProject
Project("{9A19103F-16F7-4668-BE54-9A1E7A4F7556}") = "CakeStore.Services.Logger", "Services\CakeStore.Services.Logger\CakeStore.Services.Logger.csproj", "{29D5259B-2BC8-4F1E-8DC1-C378FFD0F4D8}"
EndProject
Project("{9A19103F-16F7-4668-BE54-9A1E7A4F7556}") = "CakeStore.Context.Entities", "Data\CakeStore.Context.Entities\CakeStore.Context.Entities.csproj", "{5CCCC9F7-2692-4F1F-BE29-76DA1F1DB7FA}"
EndProject
Project("{9A19103F-16F7-4668-BE54-9A1E7A4F7556}") = "CakeStore.Context", "Data\CakeStore.Context\CakeStore.Context.csproj", "{58712E64-CE15-4CE9-9CD1-FAFDF4169FC7}"
EndProject
Project("{2150E333-8FDC-42A3-9474-1A3956D46DE8}") = "Migrations", "Migrations", "{2429DE87-55E7-4BD8-A669-B0AFD6FFB589}"
EndProject
Project("{9A19103F-16F7-4668-BE54-9A1E7A4F7556}") = "CakeStore.Context.Migrations.MSSQL", "Data\CakeStore.Context.Migrations\CakeStore.Context.Migrations.MSSQL\CakeStore.Context.Migrations.MSSQL.csproj", "{89066049-26D9-45FF-89E9-8C530AEBD3A9}"
EndProject
Project("{9A19103F-16F7-4668-BE54-9A1E7A4F7556}") = "CakeStore.Context.Migrations.MySql", "Data\CakeStore.Context.Migrations\CakeStore.Context.Migrations.MySql\CakeStore.Context.Migrations.MySql.csproj", "{8EFA3C7A-99E5-4BBB-969D-E793F73BCEF2}"
EndProject
Project("{9A19103F-16F7-4668-BE54-9A1E7A4F7556}") = "CakeStore.Context.Migrations.PgSql", "Data\CakeStore.Context.Migrations\CakeStore.Context.Migrations.PgSql\CakeStore.Context.Migrations.PgSql.csproj", "{0FB7BBB9-739B-4D75-AECB-0D216D04B55D}"
EndProject
Project("{9A19103F-16F7-4668-BE54-9A1E7A4F7556}") = "CakeStore.Context.Seeder", "Data\CakeStore.Context.Seeder\CakeStore.Context.Seeder.csproj", "{56462D4C-C793-4A56-89B1-1141ED14C1C9}"
EndProject
Project("{9A19103F-16F7-4668-BE54-9A1E7A4F7556}") = "CakeStore.Api.Settings", "Systems\Api\CakeStore.Api.Settings\CakeStore.Api.Settings.csproj", "{73728FD4-8A46-4DEB-A5FC-DD5DBAFBF7D8}"
EndProject
Project("{9A19103F-16F7-4668-BE54-9A1E7A4F7556}") = "CakeStore.Services.Products", "Services\CakeStore.Services.Products\CakeStore.Services.Products.csproj", "{8066C5A4-36EC-495C-99BC-0473BAF18250}"
EndProject
Project("{2150E333-8FDC-42A3-9474-1A3956D46DE8}") = "_docker", "_docker", "{AFFDD217-086D-4F98-8E8A-6F2D5386F52F}"
	ProjectSection(SolutionItems) = preProject
		docker-compose.override.yml = docker-compose.override.yml
		docker-compose.yml = docker-compose.yml
		env.api = env.api
		env.identity = env.identity
		env.worker = env.worker
	EndProjectSection
EndProject
Project("{9A19103F-16F7-4668-BE54-9A1E7A4F7556}") = "CakeStore.Services.RabbitMq", "Services\CakeStore.Services.RabbitMq\CakeStore.Services.RabbitMq.csproj", "{45C21542-3E90-4429-8BE4-3575DA5420D1}"
EndProject
Project("{9A19103F-16F7-4668-BE54-9A1E7A4F7556}") = "CakeStore.Services.Actions", "Services\CakeStore.Services.Actions\CakeStore.Services.Actions.csproj", "{8477D02E-58D1-4651-BE16-BBCB757DB8A1}"
EndProject
Project("{9A19103F-16F7-4668-BE54-9A1E7A4F7556}") = "CakeStore.Worker", "Systems\Worker\CakeStore.Worker\CakeStore.Worker.csproj", "{94C6CB68-FE3D-407C-B5B7-C5DAB085F67A}"
EndProject
Project("{2150E333-8FDC-42A3-9474-1A3956D46DE8}") = "Identity", "Identity", "{EE7A4AB8-2BFA-4881-B3EA-43AE6BD10AED}"
EndProject
Project("{9A19103F-16F7-4668-BE54-9A1E7A4F7556}") = "CakeStore.Identity", "Systems\Identity\CakeStore.Identity\CakeStore.Identity.csproj", "{FE6E4048-3C31-433E-8654-BA53E61B222B}"
EndProject
Project("{9A19103F-16F7-4668-BE54-9A1E7A4F7556}") = "CakeStore.Services.UserAccount", "Services\CakeStore.Services.UserAccount\CakeStore.Services.UserAccount.csproj", "{C2BE4F50-30BB-40EB-A5F7-3E3C3752A522}"
EndProject
Project("{2150E333-8FDC-42A3-9474-1A3956D46DE8}") = "CakeStore", "CakeStore", "{097D45AD-2CAE-460C-A60B-8FA923A8EF34}"
	ProjectSection(SolutionItems) = preProject
		Systems\Web\CakeStore\.gitignore = Systems\Web\CakeStore\.gitignore
		Systems\Web\CakeStore\eslint.config.js = Systems\Web\CakeStore\eslint.config.js
		Systems\Web\CakeStore\index.html = Systems\Web\CakeStore\index.html
		Systems\Web\CakeStore\package-lock.json = Systems\Web\CakeStore\package-lock.json
		Systems\Web\CakeStore\package.json = Systems\Web\CakeStore\package.json
		Systems\Web\CakeStore\README.md = Systems\Web\CakeStore\README.md
		Systems\Web\CakeStore\tailwind.config.js = Systems\Web\CakeStore\tailwind.config.js
		Systems\Web\CakeStore\vite.config.js = Systems\Web\CakeStore\vite.config.js
	EndProjectSection
EndProject
Project("{9A19103F-16F7-4668-BE54-9A1E7A4F7556}") = "CakeStore.Services.Categories", "Services\CakeStore.Services.Categories\CakeStore.Services.Categories.csproj", "{7266CA20-2FD8-4FAE-B024-540C3ABDFB03}"
EndProject
Project("{9A19103F-16F7-4668-BE54-9A1E7A4F7556}") = "CakeStore.Services.Reviews", "Services\CakeStore.Services.Reviews\CakeStore.Services.Reviews.csproj", "{C1E436CB-58BF-45BC-B24A-C776C4764C8B}"
EndProject
Project("{2150E333-8FDC-42A3-9474-1A3956D46DE8}") = "src", "src", "{0CBF4491-4E19-4BC4-B412-B59862FBEFDA}"
	ProjectSection(SolutionItems) = preProject
		Systems\Web\cake_store\src\App.css = Systems\Web\cake_store\src\App.css
		Systems\Web\cake_store\src\App.js = Systems\Web\cake_store\src\App.js
		Systems\Web\cake_store\src\index.css = Systems\Web\cake_store\src\index.css
		Systems\Web\cake_store\src\index.js = Systems\Web\cake_store\src\index.js
	EndProjectSection
EndProject
Project("{2150E333-8FDC-42A3-9474-1A3956D46DE8}") = "public", "public", "{7B1DA93C-8E1D-4CD0-AF30-CF2A82B488D0}"
	ProjectSection(SolutionItems) = preProject
		Systems\Web\cake_store\public\favicon.ico = Systems\Web\cake_store\public\favicon.ico
		Systems\Web\cake_store\public\index.html = Systems\Web\cake_store\public\index.html
		Systems\Web\cake_store\public\logo192.png = Systems\Web\cake_store\public\logo192.png
		Systems\Web\cake_store\public\logo512.png = Systems\Web\cake_store\public\logo512.png
		Systems\Web\cake_store\public\manifest.json = Systems\Web\cake_store\public\manifest.json
		Systems\Web\cake_store\public\robots.txt = Systems\Web\cake_store\public\robots.txt
	EndProjectSection
EndProject
Project("{2150E333-8FDC-42A3-9474-1A3956D46DE8}") = "components", "components", "{630A3632-6719-4EB6-9093-E007C2EA1845}"
	ProjectSection(SolutionItems) = preProject
		Systems\Web\cake_store\src\components\AppRouter.jsx = Systems\Web\cake_store\src\components\AppRouter.jsx
		Systems\Web\cake_store\src\components\ProductForm.jsx = Systems\Web\cake_store\src\components\ProductForm.jsx
		Systems\Web\cake_store\src\components\ProductItem.jsx = Systems\Web\cake_store\src\components\ProductItem.jsx
		Systems\Web\cake_store\src\components\ProductList.jsx = Systems\Web\cake_store\src\components\ProductList.jsx
		Systems\Web\cake_store\src\components\ReviewForm.jsx = Systems\Web\cake_store\src\components\ReviewForm.jsx
	EndProjectSection
EndProject
Project("{2150E333-8FDC-42A3-9474-1A3956D46DE8}") = "UI", "UI", "{754C41E1-0454-4AA7-888C-B8EA2837ED4D}"
EndProject
Project("{2150E333-8FDC-42A3-9474-1A3956D46DE8}") = "context", "context", "{EA7489CC-416D-4CB0-882B-758A7B8EF003}"
	ProjectSection(SolutionItems) = preProject
		Systems\Web\cake_store\src\context\index.js = Systems\Web\cake_store\src\context\index.js
	EndProjectSection
EndProject
Project("{2150E333-8FDC-42A3-9474-1A3956D46DE8}") = "hooks", "hooks", "{01E60485-153E-4B56-B5F7-5C2AEA2831D6}"
	ProjectSection(SolutionItems) = preProject
		Systems\Web\cake_store\src\hooks\useFetching.js = Systems\Web\cake_store\src\hooks\useFetching.js
	EndProjectSection
EndProject
Project("{2150E333-8FDC-42A3-9474-1A3956D46DE8}") = "pages", "pages", "{1452C569-53EC-4F01-B2A0-0948BCDEB998}"
	ProjectSection(SolutionItems) = preProject
		Systems\Web\cake_store\src\pages\AllProducts.jsx = Systems\Web\cake_store\src\pages\AllProducts.jsx
		Systems\Web\cake_store\src\pages\Login.jsx = Systems\Web\cake_store\src\pages\Login.jsx
		Systems\Web\cake_store\src\pages\ProductIdPage.jsx = Systems\Web\cake_store\src\pages\ProductIdPage.jsx
		Systems\Web\cake_store\src\pages\Products.jsx = Systems\Web\cake_store\src\pages\Products.jsx
		Systems\Web\cake_store\src\pages\Register.jsx = Systems\Web\cake_store\src\pages\Register.jsx
	EndProjectSection
EndProject
Project("{2150E333-8FDC-42A3-9474-1A3956D46DE8}") = "router", "router", "{305AA456-0329-42CE-8322-DC18B655F86A}"
	ProjectSection(SolutionItems) = preProject
		Systems\Web\cake_store\src\router\routes.js = Systems\Web\cake_store\src\router\routes.js
	EndProjectSection
EndProject
Project("{2150E333-8FDC-42A3-9474-1A3956D46DE8}") = "utils", "utils", "{6D406B64-7465-4E54-985E-E347B6F2BDCB}"
	ProjectSection(SolutionItems) = preProject
		Systems\Web\cake_store\src\utils\pages.js = Systems\Web\cake_store\src\utils\pages.js
	EndProjectSection
EndProject
Project("{2150E333-8FDC-42A3-9474-1A3956D46DE8}") = "button", "button", "{2CD95C14-3E03-4E08-8824-EB8BAE6B6036}"
	ProjectSection(SolutionItems) = preProject
		Systems\Web\cake_store\src\components\UI\button\MyButton.jsx = Systems\Web\cake_store\src\components\UI\button\MyButton.jsx
		Systems\Web\cake_store\src\components\UI\button\MyButton.module.css = Systems\Web\cake_store\src\components\UI\button\MyButton.module.css
	EndProjectSection
EndProject
Project("{2150E333-8FDC-42A3-9474-1A3956D46DE8}") = "NavBar", "NavBar", "{5711B64D-50D0-4BF4-9630-16970CCB6EF5}"
	ProjectSection(SolutionItems) = preProject
		Systems\Web\cake_store\src\components\UI\NavBar\NavBar.jsx = Systems\Web\cake_store\src\components\UI\NavBar\NavBar.jsx
	EndProjectSection
EndProject
Project("{2150E333-8FDC-42A3-9474-1A3956D46DE8}") = "input", "input", "{3B4A6789-5A67-483F-9443-C3FD0266C6C4}"
	ProjectSection(SolutionItems) = preProject
		Systems\Web\cake_store\src\components\UI\input\MyInput.jsx = Systems\Web\cake_store\src\components\UI\input\MyInput.jsx
		Systems\Web\cake_store\src\components\UI\input\MyInput.module.css = Systems\Web\cake_store\src\components\UI\input\MyInput.module.css
	EndProjectSection
EndProject
Project("{2150E333-8FDC-42A3-9474-1A3956D46DE8}") = "MyModal", "MyModal", "{EE0F8151-FBA6-4085-9E48-86A90AF294FD}"
	ProjectSection(SolutionItems) = preProject
		Systems\Web\cake_store\src\components\UI\MyModal\MyModal.jsx = Systems\Web\cake_store\src\components\UI\MyModal\MyModal.jsx
		Systems\Web\cake_store\src\components\UI\MyModal\MyModal.module.css = Systems\Web\cake_store\src\components\UI\MyModal\MyModal.module.css
	EndProjectSection
EndProject
Project("{2150E333-8FDC-42A3-9474-1A3956D46DE8}") = "Loader", "Loader", "{D8A3356C-1DBA-4FB6-8168-D199544CC8BD}"
	ProjectSection(SolutionItems) = preProject
		Systems\Web\cake_store\src\components\UI\Loader\Loader.jsx = Systems\Web\cake_store\src\components\UI\Loader\Loader.jsx
		Systems\Web\cake_store\src\components\UI\Loader\Loader.module.css = Systems\Web\cake_store\src\components\UI\Loader\Loader.module.css
	EndProjectSection
EndProject
Global
	GlobalSection(SolutionConfigurationPlatforms) = preSolution
		Debug|Any CPU = Debug|Any CPU
		Release|Any CPU = Release|Any CPU
	EndGlobalSection
	GlobalSection(ProjectConfigurationPlatforms) = postSolution
		{DB271B0E-E556-4831-8711-00501FF3E47E}.Debug|Any CPU.ActiveCfg = Debug|Any CPU
		{DB271B0E-E556-4831-8711-00501FF3E47E}.Debug|Any CPU.Build.0 = Debug|Any CPU
		{DB271B0E-E556-4831-8711-00501FF3E47E}.Release|Any CPU.ActiveCfg = Release|Any CPU
		{DB271B0E-E556-4831-8711-00501FF3E47E}.Release|Any CPU.Build.0 = Release|Any CPU
		{9853DA7B-E7FD-4668-8BDB-6DF50F12F172}.Debug|Any CPU.ActiveCfg = Debug|Any CPU
		{9853DA7B-E7FD-4668-8BDB-6DF50F12F172}.Debug|Any CPU.Build.0 = Debug|Any CPU
		{9853DA7B-E7FD-4668-8BDB-6DF50F12F172}.Release|Any CPU.ActiveCfg = Release|Any CPU
		{9853DA7B-E7FD-4668-8BDB-6DF50F12F172}.Release|Any CPU.Build.0 = Release|Any CPU
		{2553612B-4206-423D-A2D8-85817C033AD9}.Debug|Any CPU.ActiveCfg = Debug|Any CPU
		{2553612B-4206-423D-A2D8-85817C033AD9}.Debug|Any CPU.Build.0 = Debug|Any CPU
		{2553612B-4206-423D-A2D8-85817C033AD9}.Release|Any CPU.ActiveCfg = Release|Any CPU
		{2553612B-4206-423D-A2D8-85817C033AD9}.Release|Any CPU.Build.0 = Release|Any CPU
		{29D5259B-2BC8-4F1E-8DC1-C378FFD0F4D8}.Debug|Any CPU.ActiveCfg = Debug|Any CPU
		{29D5259B-2BC8-4F1E-8DC1-C378FFD0F4D8}.Debug|Any CPU.Build.0 = Debug|Any CPU
		{29D5259B-2BC8-4F1E-8DC1-C378FFD0F4D8}.Release|Any CPU.ActiveCfg = Release|Any CPU
		{29D5259B-2BC8-4F1E-8DC1-C378FFD0F4D8}.Release|Any CPU.Build.0 = Release|Any CPU
		{5CCCC9F7-2692-4F1F-BE29-76DA1F1DB7FA}.Debug|Any CPU.ActiveCfg = Debug|Any CPU
		{5CCCC9F7-2692-4F1F-BE29-76DA1F1DB7FA}.Debug|Any CPU.Build.0 = Debug|Any CPU
		{5CCCC9F7-2692-4F1F-BE29-76DA1F1DB7FA}.Release|Any CPU.ActiveCfg = Release|Any CPU
		{5CCCC9F7-2692-4F1F-BE29-76DA1F1DB7FA}.Release|Any CPU.Build.0 = Release|Any CPU
		{58712E64-CE15-4CE9-9CD1-FAFDF4169FC7}.Debug|Any CPU.ActiveCfg = Debug|Any CPU
		{58712E64-CE15-4CE9-9CD1-FAFDF4169FC7}.Debug|Any CPU.Build.0 = Debug|Any CPU
		{58712E64-CE15-4CE9-9CD1-FAFDF4169FC7}.Release|Any CPU.ActiveCfg = Release|Any CPU
		{58712E64-CE15-4CE9-9CD1-FAFDF4169FC7}.Release|Any CPU.Build.0 = Release|Any CPU
		{89066049-26D9-45FF-89E9-8C530AEBD3A9}.Debug|Any CPU.ActiveCfg = Debug|Any CPU
		{89066049-26D9-45FF-89E9-8C530AEBD3A9}.Debug|Any CPU.Build.0 = Debug|Any CPU
		{89066049-26D9-45FF-89E9-8C530AEBD3A9}.Release|Any CPU.ActiveCfg = Release|Any CPU
		{89066049-26D9-45FF-89E9-8C530AEBD3A9}.Release|Any CPU.Build.0 = Release|Any CPU
		{8EFA3C7A-99E5-4BBB-969D-E793F73BCEF2}.Debug|Any CPU.ActiveCfg = Debug|Any CPU
		{8EFA3C7A-99E5-4BBB-969D-E793F73BCEF2}.Debug|Any CPU.Build.0 = Debug|Any CPU
		{8EFA3C7A-99E5-4BBB-969D-E793F73BCEF2}.Release|Any CPU.ActiveCfg = Release|Any CPU
		{8EFA3C7A-99E5-4BBB-969D-E793F73BCEF2}.Release|Any CPU.Build.0 = Release|Any CPU
		{0FB7BBB9-739B-4D75-AECB-0D216D04B55D}.Debug|Any CPU.ActiveCfg = Debug|Any CPU
		{0FB7BBB9-739B-4D75-AECB-0D216D04B55D}.Debug|Any CPU.Build.0 = Debug|Any CPU
		{0FB7BBB9-739B-4D75-AECB-0D216D04B55D}.Release|Any CPU.ActiveCfg = Release|Any CPU
		{0FB7BBB9-739B-4D75-AECB-0D216D04B55D}.Release|Any CPU.Build.0 = Release|Any CPU
		{56462D4C-C793-4A56-89B1-1141ED14C1C9}.Debug|Any CPU.ActiveCfg = Debug|Any CPU
		{56462D4C-C793-4A56-89B1-1141ED14C1C9}.Debug|Any CPU.Build.0 = Debug|Any CPU
		{56462D4C-C793-4A56-89B1-1141ED14C1C9}.Release|Any CPU.ActiveCfg = Release|Any CPU
		{56462D4C-C793-4A56-89B1-1141ED14C1C9}.Release|Any CPU.Build.0 = Release|Any CPU
		{73728FD4-8A46-4DEB-A5FC-DD5DBAFBF7D8}.Debug|Any CPU.ActiveCfg = Debug|Any CPU
		{73728FD4-8A46-4DEB-A5FC-DD5DBAFBF7D8}.Debug|Any CPU.Build.0 = Debug|Any CPU
		{73728FD4-8A46-4DEB-A5FC-DD5DBAFBF7D8}.Release|Any CPU.ActiveCfg = Release|Any CPU
		{73728FD4-8A46-4DEB-A5FC-DD5DBAFBF7D8}.Release|Any CPU.Build.0 = Release|Any CPU
		{8066C5A4-36EC-495C-99BC-0473BAF18250}.Debug|Any CPU.ActiveCfg = Debug|Any CPU
		{8066C5A4-36EC-495C-99BC-0473BAF18250}.Debug|Any CPU.Build.0 = Debug|Any CPU
		{8066C5A4-36EC-495C-99BC-0473BAF18250}.Release|Any CPU.ActiveCfg = Release|Any CPU
		{8066C5A4-36EC-495C-99BC-0473BAF18250}.Release|Any CPU.Build.0 = Release|Any CPU
		{45C21542-3E90-4429-8BE4-3575DA5420D1}.Debug|Any CPU.ActiveCfg = Debug|Any CPU
		{45C21542-3E90-4429-8BE4-3575DA5420D1}.Debug|Any CPU.Build.0 = Debug|Any CPU
		{45C21542-3E90-4429-8BE4-3575DA5420D1}.Release|Any CPU.ActiveCfg = Release|Any CPU
		{45C21542-3E90-4429-8BE4-3575DA5420D1}.Release|Any CPU.Build.0 = Release|Any CPU
		{8477D02E-58D1-4651-BE16-BBCB757DB8A1}.Debug|Any CPU.ActiveCfg = Debug|Any CPU
		{8477D02E-58D1-4651-BE16-BBCB757DB8A1}.Debug|Any CPU.Build.0 = Debug|Any CPU
		{8477D02E-58D1-4651-BE16-BBCB757DB8A1}.Release|Any CPU.ActiveCfg = Release|Any CPU
		{8477D02E-58D1-4651-BE16-BBCB757DB8A1}.Release|Any CPU.Build.0 = Release|Any CPU
		{94C6CB68-FE3D-407C-B5B7-C5DAB085F67A}.Debug|Any CPU.ActiveCfg = Debug|Any CPU
		{94C6CB68-FE3D-407C-B5B7-C5DAB085F67A}.Debug|Any CPU.Build.0 = Debug|Any CPU
		{94C6CB68-FE3D-407C-B5B7-C5DAB085F67A}.Release|Any CPU.ActiveCfg = Release|Any CPU
		{94C6CB68-FE3D-407C-B5B7-C5DAB085F67A}.Release|Any CPU.Build.0 = Release|Any CPU
		{FE6E4048-3C31-433E-8654-BA53E61B222B}.Debug|Any CPU.ActiveCfg = Debug|Any CPU
		{FE6E4048-3C31-433E-8654-BA53E61B222B}.Debug|Any CPU.Build.0 = Debug|Any CPU
		{FE6E4048-3C31-433E-8654-BA53E61B222B}.Release|Any CPU.ActiveCfg = Release|Any CPU
		{FE6E4048-3C31-433E-8654-BA53E61B222B}.Release|Any CPU.Build.0 = Release|Any CPU
		{C2BE4F50-30BB-40EB-A5F7-3E3C3752A522}.Debug|Any CPU.ActiveCfg = Debug|Any CPU
		{C2BE4F50-30BB-40EB-A5F7-3E3C3752A522}.Debug|Any CPU.Build.0 = Debug|Any CPU
		{C2BE4F50-30BB-40EB-A5F7-3E3C3752A522}.Release|Any CPU.ActiveCfg = Release|Any CPU
		{C2BE4F50-30BB-40EB-A5F7-3E3C3752A522}.Release|Any CPU.Build.0 = Release|Any CPU
		{7266CA20-2FD8-4FAE-B024-540C3ABDFB03}.Debug|Any CPU.ActiveCfg = Debug|Any CPU
		{7266CA20-2FD8-4FAE-B024-540C3ABDFB03}.Debug|Any CPU.Build.0 = Debug|Any CPU
		{7266CA20-2FD8-4FAE-B024-540C3ABDFB03}.Release|Any CPU.ActiveCfg = Release|Any CPU
		{7266CA20-2FD8-4FAE-B024-540C3ABDFB03}.Release|Any CPU.Build.0 = Release|Any CPU
		{C1E436CB-58BF-45BC-B24A-C776C4764C8B}.Debug|Any CPU.ActiveCfg = Debug|Any CPU
		{C1E436CB-58BF-45BC-B24A-C776C4764C8B}.Debug|Any CPU.Build.0 = Debug|Any CPU
		{C1E436CB-58BF-45BC-B24A-C776C4764C8B}.Release|Any CPU.ActiveCfg = Release|Any CPU
		{C1E436CB-58BF-45BC-B24A-C776C4764C8B}.Release|Any CPU.Build.0 = Release|Any CPU
	EndGlobalSection
	GlobalSection(SolutionProperties) = preSolution
		HideSolutionNode = FALSE
	EndGlobalSection
	GlobalSection(NestedProjects) = preSolution
		{0C4F45AE-A6FB-4A20-B4B6-C917CD24B49E} = {F3A58766-8824-4AAD-92B7-6CE40569C108}
		{33B7EF1A-53DA-4E27-ADBD-5ED436C5DE50} = {F3A58766-8824-4AAD-92B7-6CE40569C108}
		{A9A58036-FF8C-4392-8F87-0E46AEE2384C} = {F3A58766-8824-4AAD-92B7-6CE40569C108}
		{DB271B0E-E556-4831-8711-00501FF3E47E} = {0C4F45AE-A6FB-4A20-B4B6-C917CD24B49E}
		{9853DA7B-E7FD-4668-8BDB-6DF50F12F172} = {1A7CEEF2-0748-4B44-910F-C33E57780AA1}
		{2553612B-4206-423D-A2D8-85817C033AD9} = {48030DB2-2032-4D08-A628-4A2ECDCEAAD5}
		{29D5259B-2BC8-4F1E-8DC1-C378FFD0F4D8} = {48030DB2-2032-4D08-A628-4A2ECDCEAAD5}
		{5CCCC9F7-2692-4F1F-BE29-76DA1F1DB7FA} = {DC25F8BB-D3C0-48D3-AC51-634707C60117}
		{58712E64-CE15-4CE9-9CD1-FAFDF4169FC7} = {DC25F8BB-D3C0-48D3-AC51-634707C60117}
		{2429DE87-55E7-4BD8-A669-B0AFD6FFB589} = {DC25F8BB-D3C0-48D3-AC51-634707C60117}
		{89066049-26D9-45FF-89E9-8C530AEBD3A9} = {2429DE87-55E7-4BD8-A669-B0AFD6FFB589}
		{8EFA3C7A-99E5-4BBB-969D-E793F73BCEF2} = {2429DE87-55E7-4BD8-A669-B0AFD6FFB589}
		{0FB7BBB9-739B-4D75-AECB-0D216D04B55D} = {2429DE87-55E7-4BD8-A669-B0AFD6FFB589}
		{56462D4C-C793-4A56-89B1-1141ED14C1C9} = {DC25F8BB-D3C0-48D3-AC51-634707C60117}
		{73728FD4-8A46-4DEB-A5FC-DD5DBAFBF7D8} = {0C4F45AE-A6FB-4A20-B4B6-C917CD24B49E}
		{8066C5A4-36EC-495C-99BC-0473BAF18250} = {48030DB2-2032-4D08-A628-4A2ECDCEAAD5}
		{45C21542-3E90-4429-8BE4-3575DA5420D1} = {48030DB2-2032-4D08-A628-4A2ECDCEAAD5}
		{8477D02E-58D1-4651-BE16-BBCB757DB8A1} = {48030DB2-2032-4D08-A628-4A2ECDCEAAD5}
		{94C6CB68-FE3D-407C-B5B7-C5DAB085F67A} = {33B7EF1A-53DA-4E27-ADBD-5ED436C5DE50}
		{EE7A4AB8-2BFA-4881-B3EA-43AE6BD10AED} = {F3A58766-8824-4AAD-92B7-6CE40569C108}
		{FE6E4048-3C31-433E-8654-BA53E61B222B} = {EE7A4AB8-2BFA-4881-B3EA-43AE6BD10AED}
		{C2BE4F50-30BB-40EB-A5F7-3E3C3752A522} = {48030DB2-2032-4D08-A628-4A2ECDCEAAD5}
		{097D45AD-2CAE-460C-A60B-8FA923A8EF34} = {A9A58036-FF8C-4392-8F87-0E46AEE2384C}
		{7266CA20-2FD8-4FAE-B024-540C3ABDFB03} = {48030DB2-2032-4D08-A628-4A2ECDCEAAD5}
		{C1E436CB-58BF-45BC-B24A-C776C4764C8B} = {48030DB2-2032-4D08-A628-4A2ECDCEAAD5}
		{0CBF4491-4E19-4BC4-B412-B59862FBEFDA} = {097D45AD-2CAE-460C-A60B-8FA923A8EF34}
		{7B1DA93C-8E1D-4CD0-AF30-CF2A82B488D0} = {097D45AD-2CAE-460C-A60B-8FA923A8EF34}
		{630A3632-6719-4EB6-9093-E007C2EA1845} = {0CBF4491-4E19-4BC4-B412-B59862FBEFDA}
		{754C41E1-0454-4AA7-888C-B8EA2837ED4D} = {630A3632-6719-4EB6-9093-E007C2EA1845}
		{EA7489CC-416D-4CB0-882B-758A7B8EF003} = {0CBF4491-4E19-4BC4-B412-B59862FBEFDA}
		{01E60485-153E-4B56-B5F7-5C2AEA2831D6} = {0CBF4491-4E19-4BC4-B412-B59862FBEFDA}
		{1452C569-53EC-4F01-B2A0-0948BCDEB998} = {0CBF4491-4E19-4BC4-B412-B59862FBEFDA}
		{305AA456-0329-42CE-8322-DC18B655F86A} = {0CBF4491-4E19-4BC4-B412-B59862FBEFDA}
		{6D406B64-7465-4E54-985E-E347B6F2BDCB} = {0CBF4491-4E19-4BC4-B412-B59862FBEFDA}
		{2CD95C14-3E03-4E08-8824-EB8BAE6B6036} = {754C41E1-0454-4AA7-888C-B8EA2837ED4D}
		{5711B64D-50D0-4BF4-9630-16970CCB6EF5} = {754C41E1-0454-4AA7-888C-B8EA2837ED4D}
		{3B4A6789-5A67-483F-9443-C3FD0266C6C4} = {754C41E1-0454-4AA7-888C-B8EA2837ED4D}
		{EE0F8151-FBA6-4085-9E48-86A90AF294FD} = {754C41E1-0454-4AA7-888C-B8EA2837ED4D}
		{D8A3356C-1DBA-4FB6-8168-D199544CC8BD} = {754C41E1-0454-4AA7-888C-B8EA2837ED4D}
	EndGlobalSection
	GlobalSection(ExtensibilityGlobals) = postSolution
		SolutionGuid = {BDB49E4D-BB53-4314-BBEA-067ED7FE5D2E}
	EndGlobalSection
EndGlobal
